
Microsoft Visual Studio Solution File, Format Version 12.00
# Visual Studio Version 16
VisualStudioVersion = 16.0.31727.386
MinimumVisualStudioVersion = 10.0.40219.1
Project("{9A19103F-16F7-4668-BE54-9A1E7A4F7556}") = "Targil0", "Targil0\Targil0.csproj", "{97674545-BC90-4D3A-910B-62091594ED44}"
EndProject
Project("{2150E333-8FDC-42A3-9474-1A3956D46DE8}") = "Solution Items", "Solution Items", "{2A74D76D-C30C-41C1-B08B-1CB6E5FC83E6}"
	ProjectSection(SolutionItems) = preProject
		README.md = README.md
	EndProjectSection
EndProject
Project("{9A19103F-16F7-4668-BE54-9A1E7A4F7556}") = "ConsoleUI", "ConsoleUI\ConsoleUI.csproj", "{781BBD04-E44A-49C6-8767-C3E0D21444A7}"
EndProject
Project("{9A19103F-16F7-4668-BE54-9A1E7A4F7556}") = "BL", "BL\BL.csproj", "{01F43C7C-5B05-4801-AC27-39D48CE57EAB}"
EndProject
Project("{9A19103F-16F7-4668-BE54-9A1E7A4F7556}") = "ConsoleUI_BL", "ConsoleUI_BL\ConsoleUI_BL.csproj", "{54FC413F-A725-42AB-8EDC-57C1B8410854}"
EndProject
Project("{9A19103F-16F7-4668-BE54-9A1E7A4F7556}") = "PL", "PL\PL.csproj", "{3477ECBB-C89E-4863-BDB0-31B521C21C76}"
EndProject
Project("{9A19103F-16F7-4668-BE54-9A1E7A4F7556}") = "DalFacade", "DalApi\DalFacade.csproj", "{135B1245-8192-4BD5-927B-4F7E1A183FEE}"
EndProject
Project("{9A19103F-16F7-4668-BE54-9A1E7A4F7556}") = "DalXml", "DalXml\DalXml.csproj", "{0FB2F561-E1F8-4689-8F80-D42A09AB5C26}"
EndProject
Project("{9A19103F-16F7-4668-BE54-9A1E7A4F7556}") = "DalObject", "DalObject\DalObject.csproj", "{F8D2B675-7102-4178-A904-41A8321670A7}"
EndProject
Project("{2150E333-8FDC-42A3-9474-1A3956D46DE8}") = "xml", "xml", "{F3A4570C-10C0-4153-8337-561804B3A5EC}"
	ProjectSection(SolutionItems) = preProject
		xml\config.xml = xml\config.xml
		xml\CustomerXml.xml = xml\CustomerXml.xml
		xml\dal-config.xml = xml\dal-config.xml
		xml\DroneChargeXml.xml = xml\DroneChargeXml.xml
		xml\DroneXml.xml = xml\DroneXml.xml
		xml\ParcelXml.xml = xml\ParcelXml.xml
		xml\StationXml.xml = xml\StationXml.xml
	EndProjectSection
EndProject
Global
	GlobalSection(SolutionConfigurationPlatforms) = preSolution
		Debug|Any CPU = Debug|Any CPU
		Release|Any CPU = Release|Any CPU
	EndGlobalSection
	GlobalSection(ProjectConfigurationPlatforms) = postSolution
		{97674545-BC90-4D3A-910B-62091594ED44}.Debug|Any CPU.ActiveCfg = Debug|Any CPU
		{97674545-BC90-4D3A-910B-62091594ED44}.Debug|Any CPU.Build.0 = Debug|Any CPU
		{97674545-BC90-4D3A-910B-62091594ED44}.Release|Any CPU.ActiveCfg = Release|Any CPU
		{97674545-BC90-4D3A-910B-62091594ED44}.Release|Any CPU.Build.0 = Release|Any CPU
		{781BBD04-E44A-49C6-8767-C3E0D21444A7}.Debug|Any CPU.ActiveCfg = Debug|Any CPU
		{781BBD04-E44A-49C6-8767-C3E0D21444A7}.Debug|Any CPU.Build.0 = Debug|Any CPU
		{781BBD04-E44A-49C6-8767-C3E0D21444A7}.Release|Any CPU.ActiveCfg = Release|Any CPU
		{781BBD04-E44A-49C6-8767-C3E0D21444A7}.Release|Any CPU.Build.0 = Release|Any CPU
		{01F43C7C-5B05-4801-AC27-39D48CE57EAB}.Debug|Any CPU.ActiveCfg = Debug|Any CPU
		{01F43C7C-5B05-4801-AC27-39D48CE57EAB}.Debug|Any CPU.Build.0 = Debug|Any CPU
		{01F43C7C-5B05-4801-AC27-39D48CE57EAB}.Release|Any CPU.ActiveCfg = Release|Any CPU
		{01F43C7C-5B05-4801-AC27-39D48CE57EAB}.Release|Any CPU.Build.0 = Release|Any CPU
		{54FC413F-A725-42AB-8EDC-57C1B8410854}.Debug|Any CPU.ActiveCfg = Debug|Any CPU
		{54FC413F-A725-42AB-8EDC-57C1B8410854}.Debug|Any CPU.Build.0 = Debug|Any CPU
		{54FC413F-A725-42AB-8EDC-57C1B8410854}.Release|Any CPU.ActiveCfg = Release|Any CPU
		{54FC413F-A725-42AB-8EDC-57C1B8410854}.Release|Any CPU.Build.0 = Release|Any CPU
		{3477ECBB-C89E-4863-BDB0-31B521C21C76}.Debug|Any CPU.ActiveCfg = Debug|Any CPU
		{3477ECBB-C89E-4863-BDB0-31B521C21C76}.Debug|Any CPU.Build.0 = Debug|Any CPU
		{3477ECBB-C89E-4863-BDB0-31B521C21C76}.Release|Any CPU.ActiveCfg = Release|Any CPU
		{3477ECBB-C89E-4863-BDB0-31B521C21C76}.Release|Any CPU.Build.0 = Release|Any CPU
		{135B1245-8192-4BD5-927B-4F7E1A183FEE}.Debug|Any CPU.ActiveCfg = Debug|Any CPU
		{135B1245-8192-4BD5-927B-4F7E1A183FEE}.Debug|Any CPU.Build.0 = Debug|Any CPU
		{135B1245-8192-4BD5-927B-4F7E1A183FEE}.Release|Any CPU.ActiveCfg = Release|Any CPU
		{135B1245-8192-4BD5-927B-4F7E1A183FEE}.Release|Any CPU.Build.0 = Release|Any CPU
		{0FB2F561-E1F8-4689-8F80-D42A09AB5C26}.Debug|Any CPU.ActiveCfg = Debug|Any CPU
		{0FB2F561-E1F8-4689-8F80-D42A09AB5C26}.Debug|Any CPU.Build.0 = Debug|Any CPU
		{0FB2F561-E1F8-4689-8F80-D42A09AB5C26}.Release|Any CPU.ActiveCfg = Release|Any CPU
		{0FB2F561-E1F8-4689-8F80-D42A09AB5C26}.Release|Any CPU.Build.0 = Release|Any CPU
		{F8D2B675-7102-4178-A904-41A8321670A7}.Debug|Any CPU.ActiveCfg = Debug|Any CPU
		{F8D2B675-7102-4178-A904-41A8321670A7}.Debug|Any CPU.Build.0 = Debug|Any CPU
		{F8D2B675-7102-4178-A904-41A8321670A7}.Release|Any CPU.ActiveCfg = Release|Any CPU
		{F8D2B675-7102-4178-A904-41A8321670A7}.Release|Any CPU.Build.0 = Release|Any CPU
	EndGlobalSection
	GlobalSection(SolutionProperties) = preSolution
		HideSolutionNode = FALSE
	EndGlobalSection
	GlobalSection(ExtensibilityGlobals) = postSolution
		SolutionGuid = {1B81B094-8F1D-4151-B32D-0C4590507911}
	EndGlobalSection
EndGlobal
